// !$*UTF8*$!
{
	archiveVersion = 1;
	classes = {
	};
	objectVersion = 50;
	objects = {

/* Begin PBXBuildFile section */
		9605727C25D36E6900752869 /* AppDelegate.swift in Sources */ = {isa = PBXBuildFile; fileRef = 9605727B25D36E6900752869 /* AppDelegate.swift */; };
		9605727E25D36E6900752869 /* SceneDelegate.swift in Sources */ = {isa = PBXBuildFile; fileRef = 9605727D25D36E6900752869 /* SceneDelegate.swift */; };
		9605728025D36E6900752869 /* ViewController.swift in Sources */ = {isa = PBXBuildFile; fileRef = 9605727F25D36E6900752869 /* ViewController.swift */; };
		9605728325D36E6900752869 /* Main.storyboard in Resources */ = {isa = PBXBuildFile; fileRef = 9605728125D36E6900752869 /* Main.storyboard */; };
		9605728525D36E6A00752869 /* Assets.xcassets in Resources */ = {isa = PBXBuildFile; fileRef = 9605728425D36E6A00752869 /* Assets.xcassets */; };
		9605728825D36E6A00752869 /* LaunchScreen.storyboard in Resources */ = {isa = PBXBuildFile; fileRef = 9605728625D36E6A00752869 /* LaunchScreen.storyboard */; };
		9605729325D36E6A00752869 /* IMCTests.swift in Sources */ = {isa = PBXBuildFile; fileRef = 9605729225D36E6A00752869 /* IMCTests.swift */; };
		9605729E25D36E6A00752869 /* IMCUITests.swift in Sources */ = {isa = PBXBuildFile; fileRef = 9605729D25D36E6A00752869 /* IMCUITests.swift */; };
/* End PBXBuildFile section */

/* Begin PBXContainerItemProxy section */
		9605728F25D36E6A00752869 /* PBXContainerItemProxy */ = {
			isa = PBXContainerItemProxy;
			containerPortal = 9605727025D36E6900752869 /* Project object */;
			proxyType = 1;
			remoteGlobalIDString = 9605727725D36E6900752869;
			remoteInfo = IMC;
		};
		9605729A25D36E6A00752869 /* PBXContainerItemProxy */ = {
			isa = PBXContainerItemProxy;
			containerPortal = 9605727025D36E6900752869 /* Project object */;
			proxyType = 1;
			remoteGlobalIDString = 9605727725D36E6900752869;
			remoteInfo = IMC;
		};
/* End PBXContainerItemProxy section */

/* Begin PBXFileReference section */
		9605727825D36E6900752869 /* IMC.app */ = {isa = PBXFileReference; explicitFileType = wrapper.application; includeInIndex = 0; path = IMC.app; sourceTree = BUILT_PRODUCTS_DIR; };
		9605727B25D36E6900752869 /* AppDelegate.swift */ = {isa = PBXFileReference; lastKnownFileType = sourcecode.swift; path = AppDelegate.swift; sourceTree = "<group>"; };
		9605727D25D36E6900752869 /* SceneDelegate.swift */ = {isa = PBXFileReference; lastKnownFileType = sourcecode.swift; path = SceneDelegate.swift; sourceTree = "<group>"; };
		9605727F25D36E6900752869 /* ViewController.swift */ = {isa = PBXFileReference; lastKnownFileType = sourcecode.swift; path = ViewController.swift; sourceTree = "<group>"; };
		9605728225D36E6900752869 /* Base */ = {isa = PBXFileReference; lastKnownFileType = file.storyboard; name = Base; path = Base.lproj/Main.storyboard; sourceTree = "<group>"; };
		9605728425D36E6A00752869 /* Assets.xcassets */ = {isa = PBXFileReference; lastKnownFileType = folder.assetcatalog; path = Assets.xcassets; sourceTree = "<group>"; };
		9605728725D36E6A00752869 /* Base */ = {isa = PBXFileReference; lastKnownFileType = file.storyboard; name = Base; path = Base.lproj/LaunchScreen.storyboard; sourceTree = "<group>"; };
		9605728925D36E6A00752869 /* Info.plist */ = {isa = PBXFileReference; lastKnownFileType = text.plist.xml; path = Info.plist; sourceTree = "<group>"; };
		9605728E25D36E6A00752869 /* IMCTests.xctest */ = {isa = PBXFileReference; explicitFileType = wrapper.cfbundle; includeInIndex = 0; path = IMCTests.xctest; sourceTree = BUILT_PRODUCTS_DIR; };
		9605729225D36E6A00752869 /* IMCTests.swift */ = {isa = PBXFileReference; lastKnownFileType = sourcecode.swift; path = IMCTests.swift; sourceTree = "<group>"; };
		9605729425D36E6A00752869 /* Info.plist */ = {isa = PBXFileReference; lastKnownFileType = text.plist.xml; path = Info.plist; sourceTree = "<group>"; };
		9605729925D36E6A00752869 /* IMCUITests.xctest */ = {isa = PBXFileReference; explicitFileType = wrapper.cfbundle; includeInIndex = 0; path = IMCUITests.xctest; sourceTree = BUILT_PRODUCTS_DIR; };
		9605729D25D36E6A00752869 /* IMCUITests.swift */ = {isa = PBXFileReference; lastKnownFileType = sourcecode.swift; path = IMCUITests.swift; sourceTree = "<group>"; };
		9605729F25D36E6A00752869 /* Info.plist */ = {isa = PBXFileReference; lastKnownFileType = text.plist.xml; path = Info.plist; sourceTree = "<group>"; };
/* End PBXFileReference section */

/* Begin PBXFrameworksBuildPhase section */
		9605727525D36E6900752869 /* Frameworks */ = {
			isa = PBXFrameworksBuildPhase;
			buildActionMask = 2147483647;
			files = (
			);
			runOnlyForDeploymentPostprocessing = 0;
		};
		9605728B25D36E6A00752869 /* Frameworks */ = {
			isa = PBXFrameworksBuildPhase;
			buildActionMask = 2147483647;
			files = (
			);
			runOnlyForDeploymentPostprocessing = 0;
		};
		9605729625D36E6A00752869 /* Frameworks */ = {
			isa = PBXFrameworksBuildPhase;
			buildActionMask = 2147483647;
			files = (
			);
			runOnlyForDeploymentPostprocessing = 0;
		};
/* End PBXFrameworksBuildPhase section */

/* Begin PBXGroup section */
		9605726F25D36E6900752869 = {
			isa = PBXGroup;
			children = (
				9605727A25D36E6900752869 /* IMC */,
				9605729125D36E6A00752869 /* IMCTests */,
				9605729C25D36E6A00752869 /* IMCUITests */,
				9605727925D36E6900752869 /* Products */,
			);
			sourceTree = "<group>";
		};
		9605727925D36E6900752869 /* Products */ = {
			isa = PBXGroup;
			children = (
				9605727825D36E6900752869 /* IMC.app */,
				9605728E25D36E6A00752869 /* IMCTests.xctest */,
				9605729925D36E6A00752869 /* IMCUITests.xctest */,
			);
			name = Products;
			sourceTree = "<group>";
		};
		9605727A25D36E6900752869 /* IMC */ = {
			isa = PBXGroup;
			children = (
				9605727B25D36E6900752869 /* AppDelegate.swift */,
				9605727D25D36E6900752869 /* SceneDelegate.swift */,
				9605727F25D36E6900752869 /* ViewController.swift */,
				9605728125D36E6900752869 /* Main.storyboard */,
				9605728425D36E6A00752869 /* Assets.xcassets */,
				9605728625D36E6A00752869 /* LaunchScreen.storyboard */,
				9605728925D36E6A00752869 /* Info.plist */,
			);
			path = IMC;
			sourceTree = "<group>";
		};
		9605729125D36E6A00752869 /* IMCTests */ = {
			isa = PBXGroup;
			children = (
				9605729225D36E6A00752869 /* IMCTests.swift */,
				9605729425D36E6A00752869 /* Info.plist */,
			);
			path = IMCTests;
			sourceTree = "<group>";
		};
		9605729C25D36E6A00752869 /* IMCUITests */ = {
			isa = PBXGroup;
			children = (
				9605729D25D36E6A00752869 /* IMCUITests.swift */,
				9605729F25D36E6A00752869 /* Info.plist */,
			);
			path = IMCUITests;
			sourceTree = "<group>";
		};
/* End PBXGroup section */

/* Begin PBXNativeTarget section */
		9605727725D36E6900752869 /* IMC */ = {
			isa = PBXNativeTarget;
			buildConfigurationList = 960572A225D36E6A00752869 /* Build configuration list for PBXNativeTarget "IMC" */;
			buildPhases = (
				9605727425D36E6900752869 /* Sources */,
				9605727525D36E6900752869 /* Frameworks */,
				9605727625D36E6900752869 /* Resources */,
			);
			buildRules = (
			);
			dependencies = (
			);
			name = IMC;
			productName = IMC;
			productReference = 9605727825D36E6900752869 /* IMC.app */;
			productType = "com.apple.product-type.application";
		};
		9605728D25D36E6A00752869 /* IMCTests */ = {
			isa = PBXNativeTarget;
			buildConfigurationList = 960572A525D36E6A00752869 /* Build configuration list for PBXNativeTarget "IMCTests" */;
			buildPhases = (
				9605728A25D36E6A00752869 /* Sources */,
				9605728B25D36E6A00752869 /* Frameworks */,
				9605728C25D36E6A00752869 /* Resources */,
			);
			buildRules = (
			);
			dependencies = (
				9605729025D36E6A00752869 /* PBXTargetDependency */,
			);
			name = IMCTests;
			productName = IMCTests;
			productReference = 9605728E25D36E6A00752869 /* IMCTests.xctest */;
			productType = "com.apple.product-type.bundle.unit-test";
		};
		9605729825D36E6A00752869 /* IMCUITests */ = {
			isa = PBXNativeTarget;
			buildConfigurationList = 960572A825D36E6A00752869 /* Build configuration list for PBXNativeTarget "IMCUITests" */;
			buildPhases = (
				9605729525D36E6A00752869 /* Sources */,
				9605729625D36E6A00752869 /* Frameworks */,
				9605729725D36E6A00752869 /* Resources */,
			);
			buildRules = (
			);
			dependencies = (
				9605729B25D36E6A00752869 /* PBXTargetDependency */,
			);
			name = IMCUITests;
			productName = IMCUITests;
			productReference = 9605729925D36E6A00752869 /* IMCUITests.xctest */;
			productType = "com.apple.product-type.bundle.ui-testing";
		};
/* End PBXNativeTarget section */

/* Begin PBXProject section */
		9605727025D36E6900752869 /* Project object */ = {
			isa = PBXProject;
			attributes = {
				LastSwiftUpdateCheck = 1240;
				LastUpgradeCheck = 1240;
				TargetAttributes = {
					9605727725D36E6900752869 = {
						CreatedOnToolsVersion = 12.4;
					};
					9605728D25D36E6A00752869 = {
						CreatedOnToolsVersion = 12.4;
						TestTargetID = 9605727725D36E6900752869;
					};
					9605729825D36E6A00752869 = {
						CreatedOnToolsVersion = 12.4;
						TestTargetID = 9605727725D36E6900752869;
					};
				};
			};
			buildConfigurationList = 9605727325D36E6900752869 /* Build configuration list for PBXProject "IMC" */;
			compatibilityVersion = "Xcode 9.3";
			developmentRegion = en;
			hasScannedForEncodings = 0;
			knownRegions = (
				en,
				Base,
			);
			mainGroup = 9605726F25D36E6900752869;
			productRefGroup = 9605727925D36E6900752869 /* Products */;
			projectDirPath = "";
			projectRoot = "";
			targets = (
				9605727725D36E6900752869 /* IMC */,
				9605728D25D36E6A00752869 /* IMCTests */,
				9605729825D36E6A00752869 /* IMCUITests */,
			);
		};
/* End PBXProject section */

/* Begin PBXResourcesBuildPhase section */
		9605727625D36E6900752869 /* Resources */ = {
			isa = PBXResourcesBuildPhase;
			buildActionMask = 2147483647;
			files = (
				9605728825D36E6A00752869 /* LaunchScreen.storyboard in Resources */,
				9605728525D36E6A00752869 /* Assets.xcassets in Resources */,
				9605728325D36E6900752869 /* Main.storyboard in Resources */,
			);
			runOnlyForDeploymentPostprocessing = 0;
		};
		9605728C25D36E6A00752869 /* Resources */ = {
			isa = PBXResourcesBuildPhase;
			buildActionMask = 2147483647;
			files = (
			);
			runOnlyForDeploymentPostprocessing = 0;
		};
		9605729725D36E6A00752869 /* Resources */ = {
			isa = PBXResourcesBuildPhase;
			buildActionMask = 2147483647;
			files = (
			);
			runOnlyForDeploymentPostprocessing = 0;
		};
/* End PBXResourcesBuildPhase section */

/* Begin PBXSourcesBuildPhase section */
		9605727425D36E6900752869 /* Sources */ = {
			isa = PBXSourcesBuildPhase;
			buildActionMask = 2147483647;
			files = (
				9605728025D36E6900752869 /* ViewController.swift in Sources */,
				9605727C25D36E6900752869 /* AppDelegate.swift in Sources */,
				9605727E25D36E6900752869 /* SceneDelegate.swift in Sources */,
			);
			runOnlyForDeploymentPostprocessing = 0;
		};
		9605728A25D36E6A00752869 /* Sources */ = {
			isa = PBXSourcesBuildPhase;
			buildActionMask = 2147483647;
			files = (
				9605729325D36E6A00752869 /* IMCTests.swift in Sources */,
			);
			runOnlyForDeploymentPostprocessing = 0;
		};
		9605729525D36E6A00752869 /* Sources */ = {
			isa = PBXSourcesBuildPhase;
			buildActionMask = 2147483647;
			files = (
				9605729E25D36E6A00752869 /* IMCUITests.swift in Sources */,
			);
			runOnlyForDeploymentPostprocessing = 0;
		};
/* End PBXSourcesBuildPhase section */

/* Begin PBXTargetDependency section */
		9605729025D36E6A00752869 /* PBXTargetDependency */ = {
			isa = PBXTargetDependency;
			target = 9605727725D36E6900752869 /* IMC */;
			targetProxy = 9605728F25D36E6A00752869 /* PBXContainerItemProxy */;
		};
		9605729B25D36E6A00752869 /* PBXTargetDependency */ = {
			isa = PBXTargetDependency;
			target = 9605727725D36E6900752869 /* IMC */;
			targetProxy = 9605729A25D36E6A00752869 /* PBXContainerItemProxy */;
		};
/* End PBXTargetDependency section */

/* Begin PBXVariantGroup section */
		9605728125D36E6900752869 /* Main.storyboard */ = {
			isa = PBXVariantGroup;
			children = (
				9605728225D36E6900752869 /* Base */,
			);
			name = Main.storyboard;
			sourceTree = "<group>";
		};
		9605728625D36E6A00752869 /* LaunchScreen.storyboard */ = {
			isa = PBXVariantGroup;
			children = (
				9605728725D36E6A00752869 /* Base */,
			);
			name = LaunchScreen.storyboard;
			sourceTree = "<group>";
		};
/* End PBXVariantGroup section */

/* Begin XCBuildConfiguration section */
		960572A025D36E6A00752869 /* Debug */ = {
			isa = XCBuildConfiguration;
			buildSettings = {
				ALWAYS_SEARCH_USER_PATHS = NO;
				CLANG_ANALYZER_NONNULL = YES;
				CLANG_ANALYZER_NUMBER_OBJECT_CONVERSION = YES_AGGRESSIVE;
				CLANG_CXX_LANGUAGE_STANDARD = "gnu++14";
				CLANG_CXX_LIBRARY = "libc++";
				CLANG_ENABLE_MODULES = YES;
				CLANG_ENABLE_OBJC_ARC = YES;
				CLANG_ENABLE_OBJC_WEAK = YES;
				CLANG_WARN_BLOCK_CAPTURE_AUTORELEASING = YES;
				CLANG_WARN_BOOL_CONVERSION = YES;
				CLANG_WARN_COMMA = YES;
				CLANG_WARN_CONSTANT_CONVERSION = YES;
				CLANG_WARN_DEPRECATED_OBJC_IMPLEMENTATIONS = YES;
				CLANG_WARN_DIRECT_OBJC_ISA_USAGE = YES_ERROR;
				CLANG_WARN_DOCUMENTATION_COMMENTS = YES;
				CLANG_WARN_EMPTY_BODY = YES;
				CLANG_WARN_ENUM_CONVERSION = YES;
				CLANG_WARN_INFINITE_RECURSION = YES;
				CLANG_WARN_INT_CONVERSION = YES;
				CLANG_WARN_NON_LITERAL_NULL_CONVERSION = YES;
				CLANG_WARN_OBJC_IMPLICIT_RETAIN_SELF = YES;
				CLANG_WARN_OBJC_LITERAL_CONVERSION = YES;
				CLANG_WARN_OBJC_ROOT_CLASS = YES_ERROR;
				CLANG_WARN_QUOTED_INCLUDE_IN_FRAMEWORK_HEADER = YES;
				CLANG_WARN_RANGE_LOOP_ANALYSIS = YES;
				CLANG_WARN_STRICT_PROTOTYPES = YES;
				CLANG_WARN_SUSPICIOUS_MOVE = YES;
				CLANG_WARN_UNGUARDED_AVAILABILITY = YES_AGGRESSIVE;
				CLANG_WARN_UNREACHABLE_CODE = YES;
				CLANG_WARN__DUPLICATE_METHOD_MATCH = YES;
				COPY_PHASE_STRIP = NO;
				DEBUG_INFORMATION_FORMAT = dwarf;
				ENABLE_STRICT_OBJC_MSGSEND = YES;
				ENABLE_TESTABILITY = YES;
				GCC_C_LANGUAGE_STANDARD = gnu11;
				GCC_DYNAMIC_NO_PIC = NO;
				GCC_NO_COMMON_BLOCKS = YES;
				GCC_OPTIMIZATION_LEVEL = 0;
				GCC_PREPROCESSOR_DEFINITIONS = (
					"DEBUG=1",
					"$(inherited)",
				);
				GCC_WARN_64_TO_32_BIT_CONVERSION = YES;
				GCC_WARN_ABOUT_RETURN_TYPE = YES_ERROR;
				GCC_WARN_UNDECLARED_SELECTOR = YES;
				GCC_WARN_UNINITIALIZED_AUTOS = YES_AGGRESSIVE;
				GCC_WARN_UNUSED_FUNCTION = YES;
				GCC_WARN_UNUSED_VARIABLE = YES;
				IPHONEOS_DEPLOYMENT_TARGET = 14.4;
				MTL_ENABLE_DEBUG_INFO = INCLUDE_SOURCE;
				MTL_FAST_MATH = YES;
				ONLY_ACTIVE_ARCH = YES;
				SDKROOT = iphoneos;
				SWIFT_ACTIVE_COMPILATION_CONDITIONS = DEBUG;
				SWIFT_OPTIMIZATION_LEVEL = "-Onone";
			};
			name = Debug;
		};
		960572A125D36E6A00752869 /* Release */ = {
			isa = XCBuildConfiguration;
			buildSettings = {
				ALWAYS_SEARCH_USER_PATHS = NO;
				CLANG_ANALYZER_NONNULL = YES;
				CLANG_ANALYZER_NUMBER_OBJECT_CONVERSION = YES_AGGRESSIVE;
				CLANG_CXX_LANGUAGE_STANDARD = "gnu++14";
				CLANG_CXX_LIBRARY = "libc++";
				CLANG_ENABLE_MODULES = YES;
				CLANG_ENABLE_OBJC_ARC = YES;
				CLANG_ENABLE_OBJC_WEAK = YES;
				CLANG_WARN_BLOCK_CAPTURE_AUTORELEASING = YES;
				CLANG_WARN_BOOL_CONVERSION = YES;
				CLANG_WARN_COMMA = YES;
				CLANG_WARN_CONSTANT_CONVERSION = YES;
				CLANG_WARN_DEPRECATED_OBJC_IMPLEMENTATIONS = YES;
				CLANG_WARN_DIRECT_OBJC_ISA_USAGE = YES_ERROR;
				CLANG_WARN_DOCUMENTATION_COMMENTS = YES;
				CLANG_WARN_EMPTY_BODY = YES;
				CLANG_WARN_ENUM_CONVERSION = YES;
				CLANG_WARN_INFINITE_RECURSION = YES;
				CLANG_WARN_INT_CONVERSION = YES;
				CLANG_WARN_NON_LITERAL_NULL_CONVERSION = YES;
				CLANG_WARN_OBJC_IMPLICIT_RETAIN_SELF = YES;
				CLANG_WARN_OBJC_LITERAL_CONVERSION = YES;
				CLANG_WARN_OBJC_ROOT_CLASS = YES_ERROR;
				CLANG_WARN_QUOTED_INCLUDE_IN_FRAMEWORK_HEADER = YES;
				CLANG_WARN_RANGE_LOOP_ANALYSIS = YES;
				CLANG_WARN_STRICT_PROTOTYPES = YES;
				CLANG_WARN_SUSPICIOUS_MOVE = YES;
				CLANG_WARN_UNGUARDED_AVAILABILITY = YES_AGGRESSIVE;
				CLANG_WARN_UNREACHABLE_CODE = YES;
				CLANG_WARN__DUPLICATE_METHOD_MATCH = YES;
				COPY_PHASE_STRIP = NO;
				DEBUG_INFORMATION_FORMAT = "dwarf-with-dsym";
				ENABLE_NS_ASSERTIONS = NO;
				ENABLE_STRICT_OBJC_MSGSEND = YES;
				GCC_C_LANGUAGE_STANDARD = gnu11;
				GCC_NO_COMMON_BLOCKS = YES;
				GCC_WARN_64_TO_32_BIT_CONVERSION = YES;
				GCC_WARN_ABOUT_RETURN_TYPE = YES_ERROR;
				GCC_WARN_UNDECLARED_SELECTOR = YES;
				GCC_WARN_UNINITIALIZED_AUTOS = YES_AGGRESSIVE;
				GCC_WARN_UNUSED_FUNCTION = YES;
				GCC_WARN_UNUSED_VARIABLE = YES;
				IPHONEOS_DEPLOYMENT_TARGET = 14.4;
				MTL_ENABLE_DEBUG_INFO = NO;
				MTL_FAST_MATH = YES;
				SDKROOT = iphoneos;
				SWIFT_COMPILATION_MODE = wholemodule;
				SWIFT_OPTIMIZATION_LEVEL = "-O";
				VALIDATE_PRODUCT = YES;
			};
			name = Release;
		};
		960572A325D36E6A00752869 /* Debug */ = {
			isa = XCBuildConfiguration;
			buildSettings = {
				ASSETCATALOG_COMPILER_APPICON_NAME = AppIcon;
				ASSETCATALOG_COMPILER_GLOBAL_ACCENT_COLOR_NAME = AccentColor;
				CODE_SIGN_STYLE = Automatic;
				DEVELOPMENT_TEAM = 7NLZ49VPJZ;
				INFOPLIST_FILE = IMC/Info.plist;
				LD_RUNPATH_SEARCH_PATHS = (
					"$(inherited)",
					"@executable_path/Frameworks",
				);
				PRODUCT_BUNDLE_IDENTIFIER = br.com.jobs.IMC;
				PRODUCT_NAME = "$(TARGET_NAME)";
				SWIFT_VERSION = 5.0;
				TARGETED_DEVICE_FAMILY = "1,2";
			};
			name = Debug;
		};
		960572A425D36E6A00752869 /* Release */ = {
			isa = XCBuildConfiguration;
			buildSettings = {
				ASSETCATALOG_COMPILER_APPICON_NAME = AppIcon;
				ASSETCATALOG_COMPILER_GLOBAL_ACCENT_COLOR_NAME = AccentColor;
				CODE_SIGN_STYLE = Automatic;
				DEVELOPMENT_TEAM = 7NLZ49VPJZ;
				INFOPLIST_FILE = IMC/Info.plist;
				LD_RUNPATH_SEARCH_PATHS = (
					"$(inherited)",
					"@executable_path/Frameworks",
				);
				PRODUCT_BUNDLE_IDENTIFIER = br.com.jobs.IMC;
				PRODUCT_NAME = "$(TARGET_NAME)";
				SWIFT_VERSION = 5.0;
				TARGETED_DEVICE_FAMILY = "1,2";
			};
			name = Release;
		};
		960572A625D36E6A00752869 /* Debug */ = {
			isa = XCBuildConfiguration;
			buildSettings = {
				ALWAYS_EMBED_SWIFT_STANDARD_LIBRARIES = YES;
				BUNDLE_LOADER = "$(TEST_HOST)";
				CODE_SIGN_STYLE = Automatic;
				DEVELOPMENT_TEAM = 7NLZ49VPJZ;
				INFOPLIST_FILE = IMCTests/Info.plist;
				IPHONEOS_DEPLOYMENT_TARGET = 14.4;
				LD_RUNPATH_SEARCH_PATHS = (
					"$(inherited)",
					"@executable_path/Frameworks",
					"@loader_path/Frameworks",
				);
				PRODUCT_BUNDLE_IDENTIFIER = br.com.jobs.imc.IMCTests;
				PRODUCT_NAME = "$(TARGET_NAME)";
				SWIFT_VERSION = 5.0;
				TARGETED_DEVICE_FAMILY = "1,2";
				TEST_HOST = "$(BUILT_PRODUCTS_DIR)/IMC.app/IMC";
			};
			name = Debug;
		};
		960572A725D36E6A00752869 /* Release */ = {
			isa = XCBuildConfiguration;
			buildSettings = {
				ALWAYS_EMBED_SWIFT_STANDARD_LIBRARIES = YES;
				BUNDLE_LOADER = "$(TEST_HOST)";
				CODE_SIGN_STYLE = Automatic;
				DEVELOPMENT_TEAM = 7NLZ49VPJZ;
				INFOPLIST_FILE = IMCTests/Info.plist;
				IPHONEOS_DEPLOYMENT_TARGET = 14.4;
				LD_RUNPATH_SEARCH_PATHS = (
					"$(inherited)",
					"@executable_path/Frameworks",
					"@loader_path/Frameworks",
				);
				PRODUCT_BUNDLE_IDENTIFIER = br.com.jobs.imc.IMCTests;
				PRODUCT_NAME = "$(TARGET_NAME)";
				SWIFT_VERSION = 5.0;
				TARGETED_DEVICE_FAMILY = "1,2";
				TEST_HOST = "$(BUILT_PRODUCTS_DIR)/IMC.app/IMC";
			};
			name = Release;
		};
		960572A925D36E6A00752869 /* Debug */ = {
			isa = XCBuildConfiguration;
			buildSettings = {
				ALWAYS_EMBED_SWIFT_STANDARD_LIBRARIES = YES;
				CODE_SIGN_STYLE = Automatic;
				DEVELOPMENT_TEAM = 7NLZ49VPJZ;
				INFOPLIST_FILE = IMCUITests/Info.plist;
				LD_RUNPATH_SEARCH_PATHS = (
					"$(inherited)",
					"@executable_path/Frameworks",
					"@loader_path/Frameworks",
				);
				PRODUCT_BUNDLE_IDENTIFIER = br.com.jobs.imc.IMCUITests;
				PRODUCT_NAME = "$(TARGET_NAME)";
				SWIFT_VERSION = 5.0;
				TARGETED_DEVICE_FAMILY = "1,2";
				TEST_TARGET_NAME = IMC;
			};
			name = Debug;
		};
		960572AA25D36E6A00752869 /* Release */ = {
			isa = XCBuildConfiguration;
			buildSettings = {
				ALWAYS_EMBED_SWIFT_STANDARD_LIBRARIES = YES;
				CODE_SIGN_STYLE = Automatic;
				DEVELOPMENT_TEAM = 7NLZ49VPJZ;
				INFOPLIST_FILE = IMCUITests/Info.plist;
				LD_RUNPATH_SEARCH_PATHS = (
					"$(inherited)",
					"@executable_path/Frameworks",
					"@loader_path/Frameworks",
				);
				PRODUCT_BUNDLE_IDENTIFIER = br.com.jobs.imc.IMCUITests;
				PRODUCT_NAME = "$(TARGET_NAME)";
				SWIFT_VERSION = 5.0;
				TARGETED_DEVICE_FAMILY = "1,2";
				TEST_TARGET_NAME = IMC;
			};
			name = Release;
		};
/* End XCBuildConfiguration section */

/* Begin XCConfigurationList section */
		9605727325D36E6900752869 /* Build configuration list for PBXProject "IMC" */ = {
			isa = XCConfigurationList;
			buildConfigurations = (
				960572A025D36E6A00752869 /* Debug */,
				960572A125D36E6A00752869 /* Release */,
			);
			defaultConfigurationIsVisible = 0;
			defaultConfigurationName = Release;
		};
		960572A225D36E6A00752869 /* Build configuration list for PBXNativeTarget "IMC" */ = {
			isa = XCConfigurationList;
			buildConfigurations = (
				960572A325D36E6A00752869 /* Debug */,
				960572A425D36E6A00752869 /* Release */,
			);
			defaultConfigurationIsVisible = 0;
			defaultConfigurationName = Release;
		};
		960572A525D36E6A00752869 /* Build configuration list for PBXNativeTarget "IMCTests" */ = {
			isa = XCConfigurationList;
			buildConfigurations = (
				960572A625D36E6A00752869 /* Debug */,
				960572A725D36E6A00752869 /* Release */,
			);
			defaultConfigurationIsVisible = 0;
			defaultConfigurationName = Release;
		};
		960572A825D36E6A00752869 /* Build configuration list for PBXNativeTarget "IMCUITests" */ = {
			isa = XCConfigurationList;
			buildConfigurations = (
				960572A925D36E6A00752869 /* Debug */,
				960572AA25D36E6A00752869 /* Release */,
			);
			defaultConfigurationIsVisible = 0;
			defaultConfigurationName = Release;
		};
/* End XCConfigurationList section */
	};
	rootObject = 9605727025D36E6900752869 /* Project object */;
}
